
Microsoft Visual Studio Solution File, Format Version 12.00
# Visual Studio Version 16
VisualStudioVersion = 16.0.31911.196
MinimumVisualStudioVersion = 10.0.40219.1
Project("{FAE04EC0-301F-11D3-BF4B-00C04F79EFBC}") = "ConsoleApp1", "ConsoleApp1.csproj", "{F087C64C-1E24-45B0-B4FA-8B074BCDE35E}"
EndProject
Global
	GlobalSection(SolutionConfigurationPlatforms) = preSolution
		Debug|Any CPU = Debug|Any CPU
		Release|Any CPU = Release|Any CPU
	EndGlobalSection
	GlobalSection(ProjectConfigurationPlatforms) = postSolution
		{F087C64C-1E24-45B0-B4FA-8B074BCDE35E}.Debug|Any CPU.ActiveCfg = Debug|Any CPU
		{F087C64C-1E24-45B0-B4FA-8B074BCDE35E}.Debug|Any CPU.Build.0 = Debug|Any CPU
		{F087C64C-1E24-45B0-B4FA-8B074BCDE35E}.Release|Any CPU.ActiveCfg = Release|Any CPU
		{F087C64C-1E24-45B0-B4FA-8B074BCDE35E}.Release|Any CPU.Build.0 = Release|Any CPU
	EndGlobalSection
	GlobalSection(SolutionProperties) = preSolution
		HideSolutionNode = FALSE
	EndGlobalSection
	GlobalSection(ExtensibilityGlobals) = postSolution
		SolutionGuid = {645FFB13-D057-447D-8037-0955B0CB9EDB}
	EndGlobalSection
EndGlobal
